
Microsoft Visual Studio Solution File, Format Version 12.00
# Visual Studio Version 16
VisualStudioVersion = 25.0.1706.0
MinimumVisualStudioVersion = 10.0.40219.1
Project("{FAE04EC0-301F-11D3-BF4B-00C04F79EFBC}") = "ConsoleProject.Core", "ConsoleProject.Core\ConsoleProject.Core.csproj", "{6B8E9375-D669-43EA-99F1-9A738255E1F5}"
EndProject
Project("{FAE04EC0-301F-11D3-BF4B-00C04F79EFBC}") = "ConsoleProject.DataAccess", "ConsoleProject.DataAccess\ConsoleProject.DataAccess.csproj", "{FF70C88A-0A85-42EE-B83D-379F4064F01E}"
EndProject
Project("{FAE04EC0-301F-11D3-BF4B-00C04F79EFBC}") = "ConsoleProject.Business", "ConsoleProject.Business\ConsoleProject.Business.csproj", "{3E7C5183-9AB8-4783-A962-2BCF56B06A82}"
EndProject
Project("{FAE04EC0-301F-11D3-BF4B-00C04F79EFBC}") = "ConsoleProject.ConsoleAppUI", "ConsoleProject.ConsoleAppUI\ConsoleProject.ConsoleAppUI.csproj", "{1D47664C-35DF-4B59-A724-8A83F260F3E8}"
EndProject
Global
	GlobalSection(SolutionConfigurationPlatforms) = preSolution
		Debug|Any CPU = Debug|Any CPU
		Release|Any CPU = Release|Any CPU
	EndGlobalSection
	GlobalSection(ProjectConfigurationPlatforms) = postSolution
		{6B8E9375-D669-43EA-99F1-9A738255E1F5}.Debug|Any CPU.ActiveCfg = Debug|Any CPU
		{6B8E9375-D669-43EA-99F1-9A738255E1F5}.Debug|Any CPU.Build.0 = Debug|Any CPU
		{6B8E9375-D669-43EA-99F1-9A738255E1F5}.Release|Any CPU.ActiveCfg = Release|Any CPU
		{6B8E9375-D669-43EA-99F1-9A738255E1F5}.Release|Any CPU.Build.0 = Release|Any CPU
		{FF70C88A-0A85-42EE-B83D-379F4064F01E}.Debug|Any CPU.ActiveCfg = Debug|Any CPU
		{FF70C88A-0A85-42EE-B83D-379F4064F01E}.Debug|Any CPU.Build.0 = Debug|Any CPU
		{FF70C88A-0A85-42EE-B83D-379F4064F01E}.Release|Any CPU.ActiveCfg = Release|Any CPU
		{FF70C88A-0A85-42EE-B83D-379F4064F01E}.Release|Any CPU.Build.0 = Release|Any CPU
		{3E7C5183-9AB8-4783-A962-2BCF56B06A82}.Debug|Any CPU.ActiveCfg = Debug|Any CPU
		{3E7C5183-9AB8-4783-A962-2BCF56B06A82}.Debug|Any CPU.Build.0 = Debug|Any CPU
		{3E7C5183-9AB8-4783-A962-2BCF56B06A82}.Release|Any CPU.ActiveCfg = Release|Any CPU
		{3E7C5183-9AB8-4783-A962-2BCF56B06A82}.Release|Any CPU.Build.0 = Release|Any CPU
		{1D47664C-35DF-4B59-A724-8A83F260F3E8}.Debug|Any CPU.ActiveCfg = Debug|Any CPU
		{1D47664C-35DF-4B59-A724-8A83F260F3E8}.Debug|Any CPU.Build.0 = Debug|Any CPU
		{1D47664C-35DF-4B59-A724-8A83F260F3E8}.Release|Any CPU.ActiveCfg = Release|Any CPU
		{1D47664C-35DF-4B59-A724-8A83F260F3E8}.Release|Any CPU.Build.0 = Release|Any CPU
	EndGlobalSection
	GlobalSection(SolutionProperties) = preSolution
		HideSolutionNode = FALSE
	EndGlobalSection
	GlobalSection(ExtensibilityGlobals) = postSolution
		SolutionGuid = {03CFE946-6567-4BA0-82B9-A9C8DFAD427A}
	EndGlobalSection
EndGlobal
